
Microsoft Visual Studio Solution File, Format Version 12.00
# Visual Studio 15
VisualStudioVersion = 15.0.28307.1000
MinimumVisualStudioVersion = 10.0.40219.1
Project("{FAE04EC0-301F-11D3-BF4B-00C04F79EFBC}") = "WebApiTest", "WebApiTest\WebApiTest.csproj", "{DD0C1460-A5E2-47CB-B4B0-14C4E841A56F}"
EndProject
Project("{FAE04EC0-301F-11D3-BF4B-00C04F79EFBC}") = "DLL", "DLL\DLL.csproj", "{B2FDBA1E-270E-4DDD-BA6B-64C9CC29D5A6}"
EndProject
Project("{FAE04EC0-301F-11D3-BF4B-00C04F79EFBC}") = "WebApiClient", "WebApiClient\WebApiClient.csproj", "{AA4B9439-2C71-4CBC-85F2-337D84EEFD7F}"
EndProject
Global
	GlobalSection(SolutionConfigurationPlatforms) = preSolution
		Debug|Any CPU = Debug|Any CPU
		Release|Any CPU = Release|Any CPU
	EndGlobalSection
	GlobalSection(ProjectConfigurationPlatforms) = postSolution
		{DD0C1460-A5E2-47CB-B4B0-14C4E841A56F}.Debug|Any CPU.ActiveCfg = Debug|Any CPU
		{DD0C1460-A5E2-47CB-B4B0-14C4E841A56F}.Debug|Any CPU.Build.0 = Debug|Any CPU
		{DD0C1460-A5E2-47CB-B4B0-14C4E841A56F}.Release|Any CPU.ActiveCfg = Release|Any CPU
		{DD0C1460-A5E2-47CB-B4B0-14C4E841A56F}.Release|Any CPU.Build.0 = Release|Any CPU
		{B2FDBA1E-270E-4DDD-BA6B-64C9CC29D5A6}.Debug|Any CPU.ActiveCfg = Debug|Any CPU
		{B2FDBA1E-270E-4DDD-BA6B-64C9CC29D5A6}.Debug|Any CPU.Build.0 = Debug|Any CPU
		{B2FDBA1E-270E-4DDD-BA6B-64C9CC29D5A6}.Release|Any CPU.ActiveCfg = Release|Any CPU
		{B2FDBA1E-270E-4DDD-BA6B-64C9CC29D5A6}.Release|Any CPU.Build.0 = Release|Any CPU
		{AA4B9439-2C71-4CBC-85F2-337D84EEFD7F}.Debug|Any CPU.ActiveCfg = Debug|Any CPU
		{AA4B9439-2C71-4CBC-85F2-337D84EEFD7F}.Debug|Any CPU.Build.0 = Debug|Any CPU
		{AA4B9439-2C71-4CBC-85F2-337D84EEFD7F}.Release|Any CPU.ActiveCfg = Release|Any CPU
		{AA4B9439-2C71-4CBC-85F2-337D84EEFD7F}.Release|Any CPU.Build.0 = Release|Any CPU
	EndGlobalSection
	GlobalSection(SolutionProperties) = preSolution
		HideSolutionNode = FALSE
	EndGlobalSection
	GlobalSection(ExtensibilityGlobals) = postSolution
		SolutionGuid = {5B2871A6-37D3-4711-BA9A-829D09E11A94}
	EndGlobalSection
EndGlobal
